
Microsoft Visual Studio Solution File, Format Version 12.00
# Visual Studio Version 16
VisualStudioVersion = 16.0.31320.298
MinimumVisualStudioVersion = 10.0.40219.1
Project("{9A19103F-16F7-4668-BE54-9A1E7A4F7556}") = "iml6yu.Wechat.Mp.Message", "iml6yu.Wechat.Mp.Message\iml6yu.Wechat.Mp.Message.csproj", "{D0D4C166-F2C6-47E0-8A90-738E79028B49}"
EndProject
Project("{FAE04EC0-301F-11D3-BF4B-00C04F79EFBC}") = "iml6yu.Wechat.Mp.Message.Test", "iml6yu.Wechat.Mp.Message.Test\iml6yu.Wechat.Mp.Message.Test.csproj", "{4F34363B-8453-4EE1-9B8A-D969A2D74376}"
EndProject
Global
	GlobalSection(SolutionConfigurationPlatforms) = preSolution
		Debug|Any CPU = Debug|Any CPU
		Release|Any CPU = Release|Any CPU
	EndGlobalSection
	GlobalSection(ProjectConfigurationPlatforms) = postSolution
		{D0D4C166-F2C6-47E0-8A90-738E79028B49}.Debug|Any CPU.ActiveCfg = Debug|Any CPU
		{D0D4C166-F2C6-47E0-8A90-738E79028B49}.Debug|Any CPU.Build.0 = Debug|Any CPU
		{D0D4C166-F2C6-47E0-8A90-738E79028B49}.Release|Any CPU.ActiveCfg = Release|Any CPU
		{D0D4C166-F2C6-47E0-8A90-738E79028B49}.Release|Any CPU.Build.0 = Release|Any CPU
		{4F34363B-8453-4EE1-9B8A-D969A2D74376}.Debug|Any CPU.ActiveCfg = Debug|Any CPU
		{4F34363B-8453-4EE1-9B8A-D969A2D74376}.Debug|Any CPU.Build.0 = Debug|Any CPU
		{4F34363B-8453-4EE1-9B8A-D969A2D74376}.Release|Any CPU.ActiveCfg = Release|Any CPU
		{4F34363B-8453-4EE1-9B8A-D969A2D74376}.Release|Any CPU.Build.0 = Release|Any CPU
	EndGlobalSection
	GlobalSection(SolutionProperties) = preSolution
		HideSolutionNode = FALSE
	EndGlobalSection
	GlobalSection(ExtensibilityGlobals) = postSolution
		SolutionGuid = {320334F3-219B-4D7F-8D33-A058DFD0C82C}
	EndGlobalSection
EndGlobal
